// !$*UTF8*$!
{
	archiveVersion = 1;
	classes = {
	};
	objectVersion = 56;
	objects = {

/* Begin PBXBuildFile section */
		E037FBD22A5DFE31000170F2 /* AppDelegate.swift in Sources */ = {isa = PBXBuildFile; fileRef = E037FBD12A5DFE31000170F2 /* AppDelegate.swift */; };
		E037FBD42A5DFE32000170F2 /* SceneDelegate.swift in Sources */ = {isa = PBXBuildFile; fileRef = E037FBD32A5DFE32000170F2 /* SceneDelegate.swift */; };
		E037FBD62A5DFE32000170F2 /* ViewController.swift in Sources */ = {isa = PBXBuildFile; fileRef = E037FBD52A5DFE32000170F2 /* ViewController.swift */; };
		E037FBD92A5DFE32000170F2 /* Main.storyboard in Resources */ = {isa = PBXBuildFile; fileRef = E037FBD72A5DFE32000170F2 /* Main.storyboard */; };
		E037FBDB2A5DFE33000170F2 /* Assets.xcassets in Resources */ = {isa = PBXBuildFile; fileRef = E037FBDA2A5DFE33000170F2 /* Assets.xcassets */; };
		E037FBDE2A5DFE33000170F2 /* LaunchScreen.storyboard in Resources */ = {isa = PBXBuildFile; fileRef = E037FBDC2A5DFE33000170F2 /* LaunchScreen.storyboard */; };
		E037FBE92A5DFE33000170F2 /* PokemonTests.swift in Sources */ = {isa = PBXBuildFile; fileRef = E037FBE82A5DFE33000170F2 /* PokemonTests.swift */; };
		E037FBF32A5DFE33000170F2 /* PokemonUITests.swift in Sources */ = {isa = PBXBuildFile; fileRef = E037FBF22A5DFE33000170F2 /* PokemonUITests.swift */; };
		E037FBF52A5DFE33000170F2 /* PokemonUITestsLaunchTests.swift in Sources */ = {isa = PBXBuildFile; fileRef = E037FBF42A5DFE33000170F2 /* PokemonUITestsLaunchTests.swift */; };
		E037FC032A5E05BE000170F2 /* PokemonModel.swift in Sources */ = {isa = PBXBuildFile; fileRef = E037FC022A5E05BE000170F2 /* PokemonModel.swift */; };
		E037FC062A5E0F6F000170F2 /* NetworkService.swift in Sources */ = {isa = PBXBuildFile; fileRef = E037FC052A5E0F6F000170F2 /* NetworkService.swift */; };
		E0B4B3F62A5E2AF90029837C /* Alamofire in Frameworks */ = {isa = PBXBuildFile; productRef = E0B4B3F52A5E2AF90029837C /* Alamofire */; };
		E0B4B3FA2A5E32740029837C /* CollectionViewCell.swift in Sources */ = {isa = PBXBuildFile; fileRef = E0B4B3F82A5E32740029837C /* CollectionViewCell.swift */; };
		E0B4B3FB2A5E32740029837C /* CollectionViewCell.xib in Resources */ = {isa = PBXBuildFile; fileRef = E0B4B3F92A5E32740029837C /* CollectionViewCell.xib */; };
		E0B4B3FE2A5E545D0029837C /* DetailViewController.swift in Sources */ = {isa = PBXBuildFile; fileRef = E0B4B3FD2A5E545D0029837C /* DetailViewController.swift */; };
		E0B4B43E2A5E84D50029837C /* PokemonDetailModel.swift in Sources */ = {isa = PBXBuildFile; fileRef = E0B4B43D2A5E84D50029837C /* PokemonDetailModel.swift */; };
		E0B4B4452A5E93C90029837C /* Extension.swift in Sources */ = {isa = PBXBuildFile; fileRef = E0B4B4442A5E93C90029837C /* Extension.swift */; };
		E0B4B4472A5EA6D70029837C /* ImageDownload.swift in Sources */ = {isa = PBXBuildFile; fileRef = E0B4B4462A5EA6D70029837C /* ImageDownload.swift */; };
		E0B4B44A2A5EA9FD0029837C /* SDWebImage in Frameworks */ = {isa = PBXBuildFile; productRef = E0B4B4492A5EA9FD0029837C /* SDWebImage */; };
		E0B4B44C2A5EA9FD0029837C /* SDWebImageMapKit in Frameworks */ = {isa = PBXBuildFile; productRef = E0B4B44B2A5EA9FD0029837C /* SDWebImageMapKit */; };
/* End PBXBuildFile section */

/* Begin PBXContainerItemProxy section */
		E037FBE52A5DFE33000170F2 /* PBXContainerItemProxy */ = {
			isa = PBXContainerItemProxy;
			containerPortal = E037FBC62A5DFE31000170F2 /* Project object */;
			proxyType = 1;
			remoteGlobalIDString = E037FBCD2A5DFE31000170F2;
			remoteInfo = Pokemon;
		};
		E037FBEF2A5DFE33000170F2 /* PBXContainerItemProxy */ = {
			isa = PBXContainerItemProxy;
			containerPortal = E037FBC62A5DFE31000170F2 /* Project object */;
			proxyType = 1;
			remoteGlobalIDString = E037FBCD2A5DFE31000170F2;
			remoteInfo = Pokemon;
		};
/* End PBXContainerItemProxy section */

/* Begin PBXFileReference section */
		E037FBCE2A5DFE31000170F2 /* Pokemon.app */ = {isa = PBXFileReference; explicitFileType = wrapper.application; includeInIndex = 0; path = Pokemon.app; sourceTree = BUILT_PRODUCTS_DIR; };
		E037FBD12A5DFE31000170F2 /* AppDelegate.swift */ = {isa = PBXFileReference; lastKnownFileType = sourcecode.swift; path = AppDelegate.swift; sourceTree = "<group>"; };
		E037FBD32A5DFE32000170F2 /* SceneDelegate.swift */ = {isa = PBXFileReference; lastKnownFileType = sourcecode.swift; path = SceneDelegate.swift; sourceTree = "<group>"; };
		E037FBD52A5DFE32000170F2 /* ViewController.swift */ = {isa = PBXFileReference; lastKnownFileType = sourcecode.swift; path = ViewController.swift; sourceTree = "<group>"; };
		E037FBD82A5DFE32000170F2 /* Base */ = {isa = PBXFileReference; lastKnownFileType = file.storyboard; name = Base; path = Base.lproj/Main.storyboard; sourceTree = "<group>"; };
		E037FBDA2A5DFE33000170F2 /* Assets.xcassets */ = {isa = PBXFileReference; lastKnownFileType = folder.assetcatalog; path = Assets.xcassets; sourceTree = "<group>"; };
		E037FBDD2A5DFE33000170F2 /* Base */ = {isa = PBXFileReference; lastKnownFileType = file.storyboard; name = Base; path = Base.lproj/LaunchScreen.storyboard; sourceTree = "<group>"; };
		E037FBDF2A5DFE33000170F2 /* Info.plist */ = {isa = PBXFileReference; lastKnownFileType = text.plist.xml; path = Info.plist; sourceTree = "<group>"; };
		E037FBE42A5DFE33000170F2 /* PokemonTests.xctest */ = {isa = PBXFileReference; explicitFileType = wrapper.cfbundle; includeInIndex = 0; path = PokemonTests.xctest; sourceTree = BUILT_PRODUCTS_DIR; };
		E037FBE82A5DFE33000170F2 /* PokemonTests.swift */ = {isa = PBXFileReference; lastKnownFileType = sourcecode.swift; path = PokemonTests.swift; sourceTree = "<group>"; };
		E037FBEE2A5DFE33000170F2 /* PokemonUITests.xctest */ = {isa = PBXFileReference; explicitFileType = wrapper.cfbundle; includeInIndex = 0; path = PokemonUITests.xctest; sourceTree = BUILT_PRODUCTS_DIR; };
		E037FBF22A5DFE33000170F2 /* PokemonUITests.swift */ = {isa = PBXFileReference; lastKnownFileType = sourcecode.swift; path = PokemonUITests.swift; sourceTree = "<group>"; };
		E037FBF42A5DFE33000170F2 /* PokemonUITestsLaunchTests.swift */ = {isa = PBXFileReference; lastKnownFileType = sourcecode.swift; path = PokemonUITestsLaunchTests.swift; sourceTree = "<group>"; };
		E037FC022A5E05BE000170F2 /* PokemonModel.swift */ = {isa = PBXFileReference; lastKnownFileType = sourcecode.swift; path = PokemonModel.swift; sourceTree = "<group>"; };
		E037FC052A5E0F6F000170F2 /* NetworkService.swift */ = {isa = PBXFileReference; lastKnownFileType = sourcecode.swift; path = NetworkService.swift; sourceTree = "<group>"; };
		E0B4B3F82A5E32740029837C /* CollectionViewCell.swift */ = {isa = PBXFileReference; lastKnownFileType = sourcecode.swift; path = CollectionViewCell.swift; sourceTree = "<group>"; };
		E0B4B3F92A5E32740029837C /* CollectionViewCell.xib */ = {isa = PBXFileReference; lastKnownFileType = file.xib; path = CollectionViewCell.xib; sourceTree = "<group>"; };
		E0B4B3FD2A5E545D0029837C /* DetailViewController.swift */ = {isa = PBXFileReference; lastKnownFileType = sourcecode.swift; path = DetailViewController.swift; sourceTree = "<group>"; };
		E0B4B43D2A5E84D50029837C /* PokemonDetailModel.swift */ = {isa = PBXFileReference; lastKnownFileType = sourcecode.swift; path = PokemonDetailModel.swift; sourceTree = "<group>"; };
		E0B4B4442A5E93C90029837C /* Extension.swift */ = {isa = PBXFileReference; lastKnownFileType = sourcecode.swift; path = Extension.swift; sourceTree = "<group>"; };
		E0B4B4462A5EA6D70029837C /* ImageDownload.swift */ = {isa = PBXFileReference; lastKnownFileType = sourcecode.swift; path = ImageDownload.swift; sourceTree = "<group>"; };
/* End PBXFileReference section */

/* Begin PBXFrameworksBuildPhase section */
		E037FBCB2A5DFE31000170F2 /* Frameworks */ = {
			isa = PBXFrameworksBuildPhase;
			buildActionMask = 2147483647;
			files = (
				E0B4B44A2A5EA9FD0029837C /* SDWebImage in Frameworks */,
				E0B4B44C2A5EA9FD0029837C /* SDWebImageMapKit in Frameworks */,
				E0B4B3F62A5E2AF90029837C /* Alamofire in Frameworks */,
			);
			runOnlyForDeploymentPostprocessing = 0;
		};
		E037FBE12A5DFE33000170F2 /* Frameworks */ = {
			isa = PBXFrameworksBuildPhase;
			buildActionMask = 2147483647;
			files = (
			);
			runOnlyForDeploymentPostprocessing = 0;
		};
		E037FBEB2A5DFE33000170F2 /* Frameworks */ = {
			isa = PBXFrameworksBuildPhase;
			buildActionMask = 2147483647;
			files = (
			);
			runOnlyForDeploymentPostprocessing = 0;
		};
/* End PBXFrameworksBuildPhase section */

/* Begin PBXGroup section */
		E037FBC52A5DFE31000170F2 = {
			isa = PBXGroup;
			children = (
				E037FBD02A5DFE31000170F2 /* Pokemon */,
				E037FBE72A5DFE33000170F2 /* PokemonTests */,
				E037FBF12A5DFE33000170F2 /* PokemonUITests */,
				E037FBCF2A5DFE31000170F2 /* Products */,
			);
			sourceTree = "<group>";
		};
		E037FBCF2A5DFE31000170F2 /* Products */ = {
			isa = PBXGroup;
			children = (
				E037FBCE2A5DFE31000170F2 /* Pokemon.app */,
				E037FBE42A5DFE33000170F2 /* PokemonTests.xctest */,
				E037FBEE2A5DFE33000170F2 /* PokemonUITests.xctest */,
			);
			name = Products;
			sourceTree = "<group>";
		};
		E037FBD02A5DFE31000170F2 /* Pokemon */ = {
			isa = PBXGroup;
			children = (
				E0B4B4432A5E93690029837C /* Extension */,
				E0B4B3FC2A5E54230029837C /* View */,
				E0B4B3F72A5E30820029837C /* Controller */,
				E037FC042A5E0F45000170F2 /* Services */,
				E037FC012A5E05AC000170F2 /* Models */,
				E037FBD12A5DFE31000170F2 /* AppDelegate.swift */,
				E037FBD32A5DFE32000170F2 /* SceneDelegate.swift */,
				E037FBDA2A5DFE33000170F2 /* Assets.xcassets */,
				E037FBDF2A5DFE33000170F2 /* Info.plist */,
			);
			path = Pokemon;
			sourceTree = "<group>";
		};
		E037FBE72A5DFE33000170F2 /* PokemonTests */ = {
			isa = PBXGroup;
			children = (
				E037FBE82A5DFE33000170F2 /* PokemonTests.swift */,
			);
			path = PokemonTests;
			sourceTree = "<group>";
		};
		E037FBF12A5DFE33000170F2 /* PokemonUITests */ = {
			isa = PBXGroup;
			children = (
				E037FBF22A5DFE33000170F2 /* PokemonUITests.swift */,
				E037FBF42A5DFE33000170F2 /* PokemonUITestsLaunchTests.swift */,
			);
			path = PokemonUITests;
			sourceTree = "<group>";
		};
		E037FC012A5E05AC000170F2 /* Models */ = {
			isa = PBXGroup;
			children = (
				E037FC022A5E05BE000170F2 /* PokemonModel.swift */,
				E0B4B43D2A5E84D50029837C /* PokemonDetailModel.swift */,
			);
			path = Models;
			sourceTree = "<group>";
		};
		E037FC042A5E0F45000170F2 /* Services */ = {
			isa = PBXGroup;
			children = (
				E037FC052A5E0F6F000170F2 /* NetworkService.swift */,
				E0B4B4462A5EA6D70029837C /* ImageDownload.swift */,
			);
			path = Services;
			sourceTree = "<group>";
		};
		E0B4B3F72A5E30820029837C /* Controller */ = {
			isa = PBXGroup;
			children = (
				E037FBD52A5DFE32000170F2 /* ViewController.swift */,
				E0B4B4422A5E91360029837C /* Detail */,
			);
			path = Controller;
			sourceTree = "<group>";
		};
		E0B4B3FC2A5E54230029837C /* View */ = {
			isa = PBXGroup;
			children = (
				E0B4B4412A5E91190029837C /* HomeCell */,
				E037FBD72A5DFE32000170F2 /* Main.storyboard */,
				E037FBDC2A5DFE33000170F2 /* LaunchScreen.storyboard */,
			);
			path = View;
			sourceTree = "<group>";
		};
		E0B4B4412A5E91190029837C /* HomeCell */ = {
			isa = PBXGroup;
			children = (
				E0B4B3F82A5E32740029837C /* CollectionViewCell.swift */,
				E0B4B3F92A5E32740029837C /* CollectionViewCell.xib */,
			);
			path = HomeCell;
			sourceTree = "<group>";
		};
		E0B4B4422A5E91360029837C /* Detail */ = {
			isa = PBXGroup;
			children = (
				E0B4B3FD2A5E545D0029837C /* DetailViewController.swift */,
			);
			path = Detail;
			sourceTree = "<group>";
		};
		E0B4B4432A5E93690029837C /* Extension */ = {
			isa = PBXGroup;
			children = (
				E0B4B4442A5E93C90029837C /* Extension.swift */,
			);
			path = Extension;
			sourceTree = "<group>";
		};
/* End PBXGroup section */

/* Begin PBXNativeTarget section */
		E037FBCD2A5DFE31000170F2 /* Pokemon */ = {
			isa = PBXNativeTarget;
			buildConfigurationList = E037FBF82A5DFE33000170F2 /* Build configuration list for PBXNativeTarget "Pokemon" */;
			buildPhases = (
				E037FBCA2A5DFE31000170F2 /* Sources */,
				E037FBCB2A5DFE31000170F2 /* Frameworks */,
				E037FBCC2A5DFE31000170F2 /* Resources */,
			);
			buildRules = (
			);
			dependencies = (
			);
			name = Pokemon;
			packageProductDependencies = (
				E0B4B3F52A5E2AF90029837C /* Alamofire */,
				E0B4B4492A5EA9FD0029837C /* SDWebImage */,
				E0B4B44B2A5EA9FD0029837C /* SDWebImageMapKit */,
			);
			productName = Pokemon;
			productReference = E037FBCE2A5DFE31000170F2 /* Pokemon.app */;
			productType = "com.apple.product-type.application";
		};
		E037FBE32A5DFE33000170F2 /* PokemonTests */ = {
			isa = PBXNativeTarget;
			buildConfigurationList = E037FBFB2A5DFE33000170F2 /* Build configuration list for PBXNativeTarget "PokemonTests" */;
			buildPhases = (
				E037FBE02A5DFE33000170F2 /* Sources */,
				E037FBE12A5DFE33000170F2 /* Frameworks */,
				E037FBE22A5DFE33000170F2 /* Resources */,
			);
			buildRules = (
			);
			dependencies = (
				E037FBE62A5DFE33000170F2 /* PBXTargetDependency */,
			);
			name = PokemonTests;
			productName = PokemonTests;
			productReference = E037FBE42A5DFE33000170F2 /* PokemonTests.xctest */;
			productType = "com.apple.product-type.bundle.unit-test";
		};
		E037FBED2A5DFE33000170F2 /* PokemonUITests */ = {
			isa = PBXNativeTarget;
			buildConfigurationList = E037FBFE2A5DFE33000170F2 /* Build configuration list for PBXNativeTarget "PokemonUITests" */;
			buildPhases = (
				E037FBEA2A5DFE33000170F2 /* Sources */,
				E037FBEB2A5DFE33000170F2 /* Frameworks */,
				E037FBEC2A5DFE33000170F2 /* Resources */,
			);
			buildRules = (
			);
			dependencies = (
				E037FBF02A5DFE33000170F2 /* PBXTargetDependency */,
			);
			name = PokemonUITests;
			productName = PokemonUITests;
			productReference = E037FBEE2A5DFE33000170F2 /* PokemonUITests.xctest */;
			productType = "com.apple.product-type.bundle.ui-testing";
		};
/* End PBXNativeTarget section */

/* Begin PBXProject section */
		E037FBC62A5DFE31000170F2 /* Project object */ = {
			isa = PBXProject;
			attributes = {
				BuildIndependentTargetsInParallel = 1;
				LastSwiftUpdateCheck = 1430;
				LastUpgradeCheck = 1430;
				TargetAttributes = {
					E037FBCD2A5DFE31000170F2 = {
						CreatedOnToolsVersion = 14.3.1;
					};
					E037FBE32A5DFE33000170F2 = {
						CreatedOnToolsVersion = 14.3.1;
						TestTargetID = E037FBCD2A5DFE31000170F2;
					};
					E037FBED2A5DFE33000170F2 = {
						CreatedOnToolsVersion = 14.3.1;
						TestTargetID = E037FBCD2A5DFE31000170F2;
					};
				};
			};
			buildConfigurationList = E037FBC92A5DFE31000170F2 /* Build configuration list for PBXProject "Pokemon" */;
			compatibilityVersion = "Xcode 14.0";
			developmentRegion = en;
			hasScannedForEncodings = 0;
			knownRegions = (
				en,
				Base,
			);
			mainGroup = E037FBC52A5DFE31000170F2;
			packageReferences = (
				E0B4B3F42A5E2AF90029837C /* XCRemoteSwiftPackageReference "Alamofire" */,
				E0B4B4482A5EA9FD0029837C /* XCRemoteSwiftPackageReference "SDWebImage" */,
			);
			productRefGroup = E037FBCF2A5DFE31000170F2 /* Products */;
			projectDirPath = "";
			projectRoot = "";
			targets = (
				E037FBCD2A5DFE31000170F2 /* Pokemon */,
				E037FBE32A5DFE33000170F2 /* PokemonTests */,
				E037FBED2A5DFE33000170F2 /* PokemonUITests */,
			);
		};
/* End PBXProject section */

/* Begin PBXResourcesBuildPhase section */
		E037FBCC2A5DFE31000170F2 /* Resources */ = {
			isa = PBXResourcesBuildPhase;
			buildActionMask = 2147483647;
			files = (
				E037FBDE2A5DFE33000170F2 /* LaunchScreen.storyboard in Resources */,
				E037FBDB2A5DFE33000170F2 /* Assets.xcassets in Resources */,
				E0B4B3FB2A5E32740029837C /* CollectionViewCell.xib in Resources */,
				E037FBD92A5DFE32000170F2 /* Main.storyboard in Resources */,
			);
			runOnlyForDeploymentPostprocessing = 0;
		};
		E037FBE22A5DFE33000170F2 /* Resources */ = {
			isa = PBXResourcesBuildPhase;
			buildActionMask = 2147483647;
			files = (
			);
			runOnlyForDeploymentPostprocessing = 0;
		};
		E037FBEC2A5DFE33000170F2 /* Resources */ = {
			isa = PBXResourcesBuildPhase;
			buildActionMask = 2147483647;
			files = (
			);
			runOnlyForDeploymentPostprocessing = 0;
		};
/* End PBXResourcesBuildPhase section */

/* Begin PBXSourcesBuildPhase section */
		E037FBCA2A5DFE31000170F2 /* Sources */ = {
			isa = PBXSourcesBuildPhase;
			buildActionMask = 2147483647;
			files = (
				E0B4B4452A5E93C90029837C /* Extension.swift in Sources */,
				E0B4B43E2A5E84D50029837C /* PokemonDetailModel.swift in Sources */,
				E037FC062A5E0F6F000170F2 /* NetworkService.swift in Sources */,
				E037FBD62A5DFE32000170F2 /* ViewController.swift in Sources */,
				E0B4B3FA2A5E32740029837C /* CollectionViewCell.swift in Sources */,
				E0B4B4472A5EA6D70029837C /* ImageDownload.swift in Sources */,
				E037FBD22A5DFE31000170F2 /* AppDelegate.swift in Sources */,
				E037FBD42A5DFE32000170F2 /* SceneDelegate.swift in Sources */,
				E037FC032A5E05BE000170F2 /* PokemonModel.swift in Sources */,
				E0B4B3FE2A5E545D0029837C /* DetailViewController.swift in Sources */,
			);
			runOnlyForDeploymentPostprocessing = 0;
		};
		E037FBE02A5DFE33000170F2 /* Sources */ = {
			isa = PBXSourcesBuildPhase;
			buildActionMask = 2147483647;
			files = (
				E037FBE92A5DFE33000170F2 /* PokemonTests.swift in Sources */,
			);
			runOnlyForDeploymentPostprocessing = 0;
		};
		E037FBEA2A5DFE33000170F2 /* Sources */ = {
			isa = PBXSourcesBuildPhase;
			buildActionMask = 2147483647;
			files = (
				E037FBF52A5DFE33000170F2 /* PokemonUITestsLaunchTests.swift in Sources */,
				E037FBF32A5DFE33000170F2 /* PokemonUITests.swift in Sources */,
			);
			runOnlyForDeploymentPostprocessing = 0;
		};
/* End PBXSourcesBuildPhase section */

/* Begin PBXTargetDependency section */
		E037FBE62A5DFE33000170F2 /* PBXTargetDependency */ = {
			isa = PBXTargetDependency;
			target = E037FBCD2A5DFE31000170F2 /* Pokemon */;
			targetProxy = E037FBE52A5DFE33000170F2 /* PBXContainerItemProxy */;
		};
		E037FBF02A5DFE33000170F2 /* PBXTargetDependency */ = {
			isa = PBXTargetDependency;
			target = E037FBCD2A5DFE31000170F2 /* Pokemon */;
			targetProxy = E037FBEF2A5DFE33000170F2 /* PBXContainerItemProxy */;
		};
/* End PBXTargetDependency section */

/* Begin PBXVariantGroup section */
		E037FBD72A5DFE32000170F2 /* Main.storyboard */ = {
			isa = PBXVariantGroup;
			children = (
				E037FBD82A5DFE32000170F2 /* Base */,
			);
			name = Main.storyboard;
			sourceTree = "<group>";
		};
		E037FBDC2A5DFE33000170F2 /* LaunchScreen.storyboard */ = {
			isa = PBXVariantGroup;
			children = (
				E037FBDD2A5DFE33000170F2 /* Base */,
			);
			name = LaunchScreen.storyboard;
			sourceTree = "<group>";
		};
/* End PBXVariantGroup section */

/* Begin XCBuildConfiguration section */
		E037FBF62A5DFE33000170F2 /* Debug */ = {
			isa = XCBuildConfiguration;
			buildSettings = {
				ALWAYS_SEARCH_USER_PATHS = NO;
				CLANG_ANALYZER_NONNULL = YES;
				CLANG_ANALYZER_NUMBER_OBJECT_CONVERSION = YES_AGGRESSIVE;
				CLANG_CXX_LANGUAGE_STANDARD = "gnu++20";
				CLANG_ENABLE_MODULES = YES;
				CLANG_ENABLE_OBJC_ARC = YES;
				CLANG_ENABLE_OBJC_WEAK = YES;
				CLANG_WARN_BLOCK_CAPTURE_AUTORELEASING = YES;
				CLANG_WARN_BOOL_CONVERSION = YES;
				CLANG_WARN_COMMA = YES;
				CLANG_WARN_CONSTANT_CONVERSION = YES;
				CLANG_WARN_DEPRECATED_OBJC_IMPLEMENTATIONS = YES;
				CLANG_WARN_DIRECT_OBJC_ISA_USAGE = YES_ERROR;
				CLANG_WARN_DOCUMENTATION_COMMENTS = YES;
				CLANG_WARN_EMPTY_BODY = YES;
				CLANG_WARN_ENUM_CONVERSION = YES;
				CLANG_WARN_INFINITE_RECURSION = YES;
				CLANG_WARN_INT_CONVERSION = YES;
				CLANG_WARN_NON_LITERAL_NULL_CONVERSION = YES;
				CLANG_WARN_OBJC_IMPLICIT_RETAIN_SELF = YES;
				CLANG_WARN_OBJC_LITERAL_CONVERSION = YES;
				CLANG_WARN_OBJC_ROOT_CLASS = YES_ERROR;
				CLANG_WARN_QUOTED_INCLUDE_IN_FRAMEWORK_HEADER = YES;
				CLANG_WARN_RANGE_LOOP_ANALYSIS = YES;
				CLANG_WARN_STRICT_PROTOTYPES = YES;
				CLANG_WARN_SUSPICIOUS_MOVE = YES;
				CLANG_WARN_UNGUARDED_AVAILABILITY = YES_AGGRESSIVE;
				CLANG_WARN_UNREACHABLE_CODE = YES;
				CLANG_WARN__DUPLICATE_METHOD_MATCH = YES;
				COPY_PHASE_STRIP = NO;
				DEBUG_INFORMATION_FORMAT = dwarf;
				ENABLE_STRICT_OBJC_MSGSEND = YES;
				ENABLE_TESTABILITY = YES;
				GCC_C_LANGUAGE_STANDARD = gnu11;
				GCC_DYNAMIC_NO_PIC = NO;
				GCC_NO_COMMON_BLOCKS = YES;
				GCC_OPTIMIZATION_LEVEL = 0;
				GCC_PREPROCESSOR_DEFINITIONS = (
					"DEBUG=1",
					"$(inherited)",
				);
				GCC_WARN_64_TO_32_BIT_CONVERSION = YES;
				GCC_WARN_ABOUT_RETURN_TYPE = YES_ERROR;
				GCC_WARN_UNDECLARED_SELECTOR = YES;
				GCC_WARN_UNINITIALIZED_AUTOS = YES_AGGRESSIVE;
				GCC_WARN_UNUSED_FUNCTION = YES;
				GCC_WARN_UNUSED_VARIABLE = YES;
				IPHONEOS_DEPLOYMENT_TARGET = 16.4;
				MTL_ENABLE_DEBUG_INFO = INCLUDE_SOURCE;
				MTL_FAST_MATH = YES;
				ONLY_ACTIVE_ARCH = YES;
				SDKROOT = iphoneos;
				SWIFT_ACTIVE_COMPILATION_CONDITIONS = DEBUG;
				SWIFT_OPTIMIZATION_LEVEL = "-Onone";
			};
			name = Debug;
		};
		E037FBF72A5DFE33000170F2 /* Release */ = {
			isa = XCBuildConfiguration;
			buildSettings = {
				ALWAYS_SEARCH_USER_PATHS = NO;
				CLANG_ANALYZER_NONNULL = YES;
				CLANG_ANALYZER_NUMBER_OBJECT_CONVERSION = YES_AGGRESSIVE;
				CLANG_CXX_LANGUAGE_STANDARD = "gnu++20";
				CLANG_ENABLE_MODULES = YES;
				CLANG_ENABLE_OBJC_ARC = YES;
				CLANG_ENABLE_OBJC_WEAK = YES;
				CLANG_WARN_BLOCK_CAPTURE_AUTORELEASING = YES;
				CLANG_WARN_BOOL_CONVERSION = YES;
				CLANG_WARN_COMMA = YES;
				CLANG_WARN_CONSTANT_CONVERSION = YES;
				CLANG_WARN_DEPRECATED_OBJC_IMPLEMENTATIONS = YES;
				CLANG_WARN_DIRECT_OBJC_ISA_USAGE = YES_ERROR;
				CLANG_WARN_DOCUMENTATION_COMMENTS = YES;
				CLANG_WARN_EMPTY_BODY = YES;
				CLANG_WARN_ENUM_CONVERSION = YES;
				CLANG_WARN_INFINITE_RECURSION = YES;
				CLANG_WARN_INT_CONVERSION = YES;
				CLANG_WARN_NON_LITERAL_NULL_CONVERSION = YES;
				CLANG_WARN_OBJC_IMPLICIT_RETAIN_SELF = YES;
				CLANG_WARN_OBJC_LITERAL_CONVERSION = YES;
				CLANG_WARN_OBJC_ROOT_CLASS = YES_ERROR;
				CLANG_WARN_QUOTED_INCLUDE_IN_FRAMEWORK_HEADER = YES;
				CLANG_WARN_RANGE_LOOP_ANALYSIS = YES;
				CLANG_WARN_STRICT_PROTOTYPES = YES;
				CLANG_WARN_SUSPICIOUS_MOVE = YES;
				CLANG_WARN_UNGUARDED_AVAILABILITY = YES_AGGRESSIVE;
				CLANG_WARN_UNREACHABLE_CODE = YES;
				CLANG_WARN__DUPLICATE_METHOD_MATCH = YES;
				COPY_PHASE_STRIP = NO;
				DEBUG_INFORMATION_FORMAT = "dwarf-with-dsym";
				ENABLE_NS_ASSERTIONS = NO;
				ENABLE_STRICT_OBJC_MSGSEND = YES;
				GCC_C_LANGUAGE_STANDARD = gnu11;
				GCC_NO_COMMON_BLOCKS = YES;
				GCC_WARN_64_TO_32_BIT_CONVERSION = YES;
				GCC_WARN_ABOUT_RETURN_TYPE = YES_ERROR;
				GCC_WARN_UNDECLARED_SELECTOR = YES;
				GCC_WARN_UNINITIALIZED_AUTOS = YES_AGGRESSIVE;
				GCC_WARN_UNUSED_FUNCTION = YES;
				GCC_WARN_UNUSED_VARIABLE = YES;
				IPHONEOS_DEPLOYMENT_TARGET = 16.4;
				MTL_ENABLE_DEBUG_INFO = NO;
				MTL_FAST_MATH = YES;
				SDKROOT = iphoneos;
				SWIFT_COMPILATION_MODE = wholemodule;
				SWIFT_OPTIMIZATION_LEVEL = "-O";
				VALIDATE_PRODUCT = YES;
			};
			name = Release;
		};
		E037FBF92A5DFE33000170F2 /* Debug */ = {
			isa = XCBuildConfiguration;
			buildSettings = {
				ASSETCATALOG_COMPILER_APPICON_NAME = AppIcon;
				ASSETCATALOG_COMPILER_GLOBAL_ACCENT_COLOR_NAME = AccentColor;
				CODE_SIGN_STYLE = Automatic;
				CURRENT_PROJECT_VERSION = 1;
				DEVELOPMENT_TEAM = 93VTU92YDK;
				GENERATE_INFOPLIST_FILE = YES;
				INFOPLIST_FILE = Pokemon/Info.plist;
				INFOPLIST_KEY_UIApplicationSupportsIndirectInputEvents = YES;
				INFOPLIST_KEY_UILaunchStoryboardName = LaunchScreen;
				INFOPLIST_KEY_UIMainStoryboardFile = Main;
				INFOPLIST_KEY_UISupportedInterfaceOrientations_iPad = "UIInterfaceOrientationPortrait UIInterfaceOrientationPortraitUpsideDown UIInterfaceOrientationLandscapeLeft UIInterfaceOrientationLandscapeRight";
				INFOPLIST_KEY_UISupportedInterfaceOrientations_iPhone = "UIInterfaceOrientationPortrait UIInterfaceOrientationLandscapeLeft UIInterfaceOrientationLandscapeRight";
				LD_RUNPATH_SEARCH_PATHS = (
					"$(inherited)",
					"@executable_path/Frameworks",
				);
				MARKETING_VERSION = 1.0;
				PRODUCT_BUNDLE_IDENTIFIER = com.indah.Pokemon;
				PRODUCT_NAME = "$(TARGET_NAME)";
				SWIFT_EMIT_LOC_STRINGS = YES;
				SWIFT_VERSION = 5.0;
				TARGETED_DEVICE_FAMILY = "1,2";
			};
			name = Debug;
		};
		E037FBFA2A5DFE33000170F2 /* Release */ = {
			isa = XCBuildConfiguration;
			buildSettings = {
				ASSETCATALOG_COMPILER_APPICON_NAME = AppIcon;
				ASSETCATALOG_COMPILER_GLOBAL_ACCENT_COLOR_NAME = AccentColor;
				CODE_SIGN_STYLE = Automatic;
				CURRENT_PROJECT_VERSION = 1;
				DEVELOPMENT_TEAM = 93VTU92YDK;
				GENERATE_INFOPLIST_FILE = YES;
				INFOPLIST_FILE = Pokemon/Info.plist;
				INFOPLIST_KEY_UIApplicationSupportsIndirectInputEvents = YES;
				INFOPLIST_KEY_UILaunchStoryboardName = LaunchScreen;
				INFOPLIST_KEY_UIMainStoryboardFile = Main;
				INFOPLIST_KEY_UISupportedInterfaceOrientations_iPad = "UIInterfaceOrientationPortrait UIInterfaceOrientationPortraitUpsideDown UIInterfaceOrientationLandscapeLeft UIInterfaceOrientationLandscapeRight";
				INFOPLIST_KEY_UISupportedInterfaceOrientations_iPhone = "UIInterfaceOrientationPortrait UIInterfaceOrientationLandscapeLeft UIInterfaceOrientationLandscapeRight";
				LD_RUNPATH_SEARCH_PATHS = (
					"$(inherited)",
					"@executable_path/Frameworks",
				);
				MARKETING_VERSION = 1.0;
				PRODUCT_BUNDLE_IDENTIFIER = com.indah.Pokemon;
				PRODUCT_NAME = "$(TARGET_NAME)";
				SWIFT_EMIT_LOC_STRINGS = YES;
				SWIFT_VERSION = 5.0;
				TARGETED_DEVICE_FAMILY = "1,2";
			};
			name = Release;
		};
		E037FBFC2A5DFE33000170F2 /* Debug */ = {
			isa = XCBuildConfiguration;
			buildSettings = {
				ALWAYS_EMBED_SWIFT_STANDARD_LIBRARIES = YES;
				BUNDLE_LOADER = "$(TEST_HOST)";
				CODE_SIGN_STYLE = Automatic;
				CURRENT_PROJECT_VERSION = 1;
				DEVELOPMENT_TEAM = 93VTU92YDK;
				GENERATE_INFOPLIST_FILE = YES;
				IPHONEOS_DEPLOYMENT_TARGET = 16.4;
				MARKETING_VERSION = 1.0;
				PRODUCT_BUNDLE_IDENTIFIER = com.indah.PokemonTests;
				PRODUCT_NAME = "$(TARGET_NAME)";
				SWIFT_EMIT_LOC_STRINGS = NO;
				SWIFT_VERSION = 5.0;
				TARGETED_DEVICE_FAMILY = "1,2";
				TEST_HOST = "$(BUILT_PRODUCTS_DIR)/Pokemon.app/$(BUNDLE_EXECUTABLE_FOLDER_PATH)/Pokemon";
			};
			name = Debug;
		};
		E037FBFD2A5DFE33000170F2 /* Release */ = {
			isa = XCBuildConfiguration;
			buildSettings = {
				ALWAYS_EMBED_SWIFT_STANDARD_LIBRARIES = YES;
				BUNDLE_LOADER = "$(TEST_HOST)";
				CODE_SIGN_STYLE = Automatic;
				CURRENT_PROJECT_VERSION = 1;
				DEVELOPMENT_TEAM = 93VTU92YDK;
				GENERATE_INFOPLIST_FILE = YES;
				IPHONEOS_DEPLOYMENT_TARGET = 16.4;
				MARKETING_VERSION = 1.0;
				PRODUCT_BUNDLE_IDENTIFIER = com.indah.PokemonTests;
				PRODUCT_NAME = "$(TARGET_NAME)";
				SWIFT_EMIT_LOC_STRINGS = NO;
				SWIFT_VERSION = 5.0;
				TARGETED_DEVICE_FAMILY = "1,2";
				TEST_HOST = "$(BUILT_PRODUCTS_DIR)/Pokemon.app/$(BUNDLE_EXECUTABLE_FOLDER_PATH)/Pokemon";
			};
			name = Release;
		};
		E037FBFF2A5DFE33000170F2 /* Debug */ = {
			isa = XCBuildConfiguration;
			buildSettings = {
				ALWAYS_EMBED_SWIFT_STANDARD_LIBRARIES = YES;
				CODE_SIGN_STYLE = Automatic;
				CURRENT_PROJECT_VERSION = 1;
				DEVELOPMENT_TEAM = 93VTU92YDK;
				GENERATE_INFOPLIST_FILE = YES;
				MARKETING_VERSION = 1.0;
				PRODUCT_BUNDLE_IDENTIFIER = com.indah.PokemonUITests;
				PRODUCT_NAME = "$(TARGET_NAME)";
				SWIFT_EMIT_LOC_STRINGS = NO;
				SWIFT_VERSION = 5.0;
				TARGETED_DEVICE_FAMILY = "1,2";
				TEST_TARGET_NAME = Pokemon;
			};
			name = Debug;
		};
		E037FC002A5DFE33000170F2 /* Release */ = {
			isa = XCBuildConfiguration;
			buildSettings = {
				ALWAYS_EMBED_SWIFT_STANDARD_LIBRARIES = YES;
				CODE_SIGN_STYLE = Automatic;
				CURRENT_PROJECT_VERSION = 1;
				DEVELOPMENT_TEAM = 93VTU92YDK;
				GENERATE_INFOPLIST_FILE = YES;
				MARKETING_VERSION = 1.0;
				PRODUCT_BUNDLE_IDENTIFIER = com.indah.PokemonUITests;
				PRODUCT_NAME = "$(TARGET_NAME)";
				SWIFT_EMIT_LOC_STRINGS = NO;
				SWIFT_VERSION = 5.0;
				TARGETED_DEVICE_FAMILY = "1,2";
				TEST_TARGET_NAME = Pokemon;
			};
			name = Release;
		};
/* End XCBuildConfiguration section */

/* Begin XCConfigurationList section */
		E037FBC92A5DFE31000170F2 /* Build configuration list for PBXProject "Pokemon" */ = {
			isa = XCConfigurationList;
			buildConfigurations = (
				E037FBF62A5DFE33000170F2 /* Debug */,
				E037FBF72A5DFE33000170F2 /* Release */,
			);
			defaultConfigurationIsVisible = 0;
			defaultConfigurationName = Release;
		};
		E037FBF82A5DFE33000170F2 /* Build configuration list for PBXNativeTarget "Pokemon" */ = {
			isa = XCConfigurationList;
			buildConfigurations = (
				E037FBF92A5DFE33000170F2 /* Debug */,
				E037FBFA2A5DFE33000170F2 /* Release */,
			);
			defaultConfigurationIsVisible = 0;
			defaultConfigurationName = Release;
		};
		E037FBFB2A5DFE33000170F2 /* Build configuration list for PBXNativeTarget "PokemonTests" */ = {
			isa = XCConfigurationList;
			buildConfigurations = (
				E037FBFC2A5DFE33000170F2 /* Debug */,
				E037FBFD2A5DFE33000170F2 /* Release */,
			);
			defaultConfigurationIsVisible = 0;
			defaultConfigurationName = Release;
		};
		E037FBFE2A5DFE33000170F2 /* Build configuration list for PBXNativeTarget "PokemonUITests" */ = {
			isa = XCConfigurationList;
			buildConfigurations = (
				E037FBFF2A5DFE33000170F2 /* Debug */,
				E037FC002A5DFE33000170F2 /* Release */,
			);
			defaultConfigurationIsVisible = 0;
			defaultConfigurationName = Release;
		};
/* End XCConfigurationList section */

/* Begin XCRemoteSwiftPackageReference section */
		E0B4B3F42A5E2AF90029837C /* XCRemoteSwiftPackageReference "Alamofire" */ = {
			isa = XCRemoteSwiftPackageReference;
			repositoryURL = "https://github.com/Alamofire/Alamofire";
			requirement = {
				kind = upToNextMajorVersion;
				minimumVersion = 5.0.0;
			};
		};
		E0B4B4482A5EA9FD0029837C /* XCRemoteSwiftPackageReference "SDWebImage" */ = {
			isa = XCRemoteSwiftPackageReference;
			repositoryURL = "https://github.com/SDWebImage/SDWebImage.git";
			requirement = {
				kind = upToNextMajorVersion;
				minimumVersion = 5.0.0;
			};
		};
/* End XCRemoteSwiftPackageReference section */

/* Begin XCSwiftPackageProductDependency section */
		E0B4B3F52A5E2AF90029837C /* Alamofire */ = {
			isa = XCSwiftPackageProductDependency;
			package = E0B4B3F42A5E2AF90029837C /* XCRemoteSwiftPackageReference "Alamofire" */;
			productName = Alamofire;
		};
		E0B4B4492A5EA9FD0029837C /* SDWebImage */ = {
			isa = XCSwiftPackageProductDependency;
			package = E0B4B4482A5EA9FD0029837C /* XCRemoteSwiftPackageReference "SDWebImage" */;
			productName = SDWebImage;
		};
		E0B4B44B2A5EA9FD0029837C /* SDWebImageMapKit */ = {
			isa = XCSwiftPackageProductDependency;
			package = E0B4B4482A5EA9FD0029837C /* XCRemoteSwiftPackageReference "SDWebImage" */;
			productName = SDWebImageMapKit;
		};
/* End XCSwiftPackageProductDependency section */
	};
	rootObject = E037FBC62A5DFE31000170F2 /* Project object */;
}
